
Microsoft Visual Studio Solution File, Format Version 12.00
# Visual Studio 15
VisualStudioVersion = 15.0.26730.12
MinimumVisualStudioVersion = 10.0.40219.1
Project("{9A19103F-16F7-4668-BE54-9A1E7A4F7556}") = "RollDiceCore", "RollDiceCore\RollDiceCore.csproj", "{A69A9923-AD0D-4DF5-996C-EFDF1F58F6E9}"
EndProject
Global
	GlobalSection(SolutionConfigurationPlatforms) = preSolution
		Debug|Any CPU = Debug|Any CPU
		Release|Any CPU = Release|Any CPU
	EndGlobalSection
	GlobalSection(ProjectConfigurationPlatforms) = postSolution
		{A69A9923-AD0D-4DF5-996C-EFDF1F58F6E9}.Debug|Any CPU.ActiveCfg = Debug|Any CPU
		{A69A9923-AD0D-4DF5-996C-EFDF1F58F6E9}.Debug|Any CPU.Build.0 = Debug|Any CPU
		{A69A9923-AD0D-4DF5-996C-EFDF1F58F6E9}.Release|Any CPU.ActiveCfg = Release|Any CPU
		{A69A9923-AD0D-4DF5-996C-EFDF1F58F6E9}.Release|Any CPU.Build.0 = Release|Any CPU
	EndGlobalSection
	GlobalSection(SolutionProperties) = preSolution
		HideSolutionNode = FALSE
	EndGlobalSection
	GlobalSection(ExtensibilityGlobals) = postSolution
		SolutionGuid = {C98958BE-08BF-4F46-984E-D5031ACDFDA1}
	EndGlobalSection
EndGlobal
